{
  "name": "foff",
  "version": "1.0.0",
  "lockfileVersion": 2,
  "requires": true,
  "packages": {
    "": {
      "name": "foff",
      "version": "1.0.0",
      "license": "ISC",
      "dependencies": {
        "@bitmetro/callisto-plugins": "^1.0.4"
      },
      "devDependencies": {
        "gitignore-parser": "^0.0.2",
        "typescript": "^4.8.2"
      }
    },
    "node_modules/@bitmetro/callisto": {
      "version": "1.0.5",
      "resolved": "https://registry.npmjs.org/@bitmetro/callisto/-/callisto-1.0.5.tgz",
      "integrity": "sha512-gEQeyBDne0xLbz6wJwN3efDDRN5oy0oLQERfl90wZ3sQR77O3Vbd1T5XvYgyQpfjlnTXHIcN3PBL9NxOG+AoGg==",
      "dependencies": {
        "typescript": "^4.8.2",
        "ws": "^8.8.1"
      }
    },
    "node_modules/@bitmetro/callisto-plugins": {
      "version": "1.0.4",
      "resolved": "https://registry.npmjs.org/@bitmetro/callisto-plugins/-/callisto-plugins-1.0.4.tgz",
      "integrity": "sha512-OsNZvyozrxYpQAFA78uLEJo7wAdzqhm3cCjOceO8r/GHNch4+rMNE6mfHN5dJh+tDBlKWLlA/4ZZjhuhDYA04g==",
      "dependencies": {
        "@bitmetro/callisto": "1.0.5",
        "typescript": "^4.8.2"
      }
    },
    "node_modules/gitignore-parser": {
      "version": "0.0.2",
      "resolved": "https://registry.npmjs.org/gitignore-parser/-/gitignore-parser-0.0.2.tgz",
      "integrity": "sha512-X6mpqUv59uWLGD4n3hZ8Cu8KbF2PMWPSFYmxZjdkpm3yOU7hSUYnzTkZI1mcWqchphvqyuz3/BhgBR4E/JtkCg==",
      "dev": true,
      "engines": {
        "node": ">=0.10.0"
      }
    },
    "node_modules/typescript": {
      "version": "4.8.2",
      "resolved": "https://registry.npmjs.org/typescript/-/typescript-4.8.2.tgz",
      "integrity": "sha512-C0I1UsrrDHo2fYI5oaCGbSejwX4ch+9Y5jTQELvovfmFkK3HHSZJB8MSJcWLmCUBzQBchCrZ9rMRV6GuNrvGtw==",
      "bin": {
        "tsc": "bin/tsc",
        "tsserver": "bin/tsserver"
      },
      "engines": {
        "node": ">=4.2.0"
      }
    },
    "node_modules/ws": {
      "version": "8.8.1",
      "resolved": "https://registry.npmjs.org/ws/-/ws-8.8.1.tgz",
      "integrity": "sha512-bGy2JzvzkPowEJV++hF07hAD6niYSr0JzBNo/J29WsB57A2r7Wlc1UFcTR9IzrPvuNVO4B8LGqF8qcpsVOhJCA==",
      "engines": {
        "node": ">=10.0.0"
      },
      "peerDependencies": {
        "bufferutil": "^4.0.1",
        "utf-8-validate": "^5.0.2"
      },
      "peerDependenciesMeta": {
        "bufferutil": {
          "optional": true
        },
        "utf-8-validate": {
          "optional": true
        }
      }
    }
  },
  "dependencies": {
    "@bitmetro/callisto": {
      "version": "1.0.5",
      "resolved": "https://registry.npmjs.org/@bitmetro/callisto/-/callisto-1.0.5.tgz",
      "integrity": "sha512-gEQeyBDne0xLbz6wJwN3efDDRN5oy0oLQERfl90wZ3sQR77O3Vbd1T5XvYgyQpfjlnTXHIcN3PBL9NxOG+AoGg==",
      "requires": {
        "typescript": "^4.8.2",
        "ws": "^8.8.1"
      }
    },
    "@bitmetro/callisto-plugins": {
      "version": "1.0.4",
      "resolved": "https://registry.npmjs.org/@bitmetro/callisto-plugins/-/callisto-plugins-1.0.4.tgz",
      "integrity": "sha512-OsNZvyozrxYpQAFA78uLEJo7wAdzqhm3cCjOceO8r/GHNch4+rMNE6mfHN5dJh+tDBlKWLlA/4ZZjhuhDYA04g==",
      "requires": {
        "@bitmetro/callisto": "1.0.5",
        "typescript": "^4.8.2"
      }
    },
    "gitignore-parser": {
      "version": "0.0.2",
      "resolved": "https://registry.npmjs.org/gitignore-parser/-/gitignore-parser-0.0.2.tgz",
      "integrity": "sha512-X6mpqUv59uWLGD4n3hZ8Cu8KbF2PMWPSFYmxZjdkpm3yOU7hSUYnzTkZI1mcWqchphvqyuz3/BhgBR4E/JtkCg==",
      "dev": true
    },
    "typescript": {
      "version": "4.8.2",
      "resolved": "https://registry.npmjs.org/typescript/-/typescript-4.8.2.tgz",
      "integrity": "sha512-C0I1UsrrDHo2fYI5oaCGbSejwX4ch+9Y5jTQELvovfmFkK3HHSZJB8MSJcWLmCUBzQBchCrZ9rMRV6GuNrvGtw=="
    },
    "ws": {
      "version": "8.8.1",
      "resolved": "https://registry.npmjs.org/ws/-/ws-8.8.1.tgz",
      "integrity": "sha512-bGy2JzvzkPowEJV++hF07hAD6niYSr0JzBNo/J29WsB57A2r7Wlc1UFcTR9IzrPvuNVO4B8LGqF8qcpsVOhJCA==",
      "requires": {}
    }
  }
}
